
Microsoft Visual Studio Solution File, Format Version 12.00
# Visual Studio 15
VisualStudioVersion = 15.0.27703.2042
MinimumVisualStudioVersion = 10.0.40219.1
Project("{FAE04EC0-301F-11D3-BF4B-00C04F79EFBC}") = "HoistFinance", "HoistFinance\HoistFinance.csproj", "{47E4D1ED-36E9-43F6-86E1-1CCD0C0DD7E5}"
EndProject
Project("{FAE04EC0-301F-11D3-BF4B-00C04F79EFBC}") = "HoistFinance.Tests", "HoistFinance.Tests\HoistFinance.Tests.csproj", "{58245208-F363-4FE6-9B4E-974B33690F16}"
EndProject
Project("{FAE04EC0-301F-11D3-BF4B-00C04F79EFBC}") = "RequestGenerator", "RequestGenerator\RequestGenerator.csproj", "{31B8D1D5-9936-4FC2-A1D2-99DD4A8B16CD}"
EndProject
Project("{FAE04EC0-301F-11D3-BF4B-00C04F79EFBC}") = "HoistFinance.Data", "HoistFinance.Contract\HoistFinance.Data.csproj", "{1D5F0D24-ADCF-4340-B932-12CC99CEC0F8}"
EndProject
Global
	GlobalSection(SolutionConfigurationPlatforms) = preSolution
		Debug|Any CPU = Debug|Any CPU
		Release|Any CPU = Release|Any CPU
	EndGlobalSection
	GlobalSection(ProjectConfigurationPlatforms) = postSolution
		{47E4D1ED-36E9-43F6-86E1-1CCD0C0DD7E5}.Debug|Any CPU.ActiveCfg = Debug|Any CPU
		{47E4D1ED-36E9-43F6-86E1-1CCD0C0DD7E5}.Debug|Any CPU.Build.0 = Debug|Any CPU
		{47E4D1ED-36E9-43F6-86E1-1CCD0C0DD7E5}.Release|Any CPU.ActiveCfg = Release|Any CPU
		{47E4D1ED-36E9-43F6-86E1-1CCD0C0DD7E5}.Release|Any CPU.Build.0 = Release|Any CPU
		{58245208-F363-4FE6-9B4E-974B33690F16}.Debug|Any CPU.ActiveCfg = Debug|Any CPU
		{58245208-F363-4FE6-9B4E-974B33690F16}.Debug|Any CPU.Build.0 = Debug|Any CPU
		{58245208-F363-4FE6-9B4E-974B33690F16}.Release|Any CPU.ActiveCfg = Release|Any CPU
		{58245208-F363-4FE6-9B4E-974B33690F16}.Release|Any CPU.Build.0 = Release|Any CPU
		{31B8D1D5-9936-4FC2-A1D2-99DD4A8B16CD}.Debug|Any CPU.ActiveCfg = Debug|Any CPU
		{31B8D1D5-9936-4FC2-A1D2-99DD4A8B16CD}.Debug|Any CPU.Build.0 = Debug|Any CPU
		{31B8D1D5-9936-4FC2-A1D2-99DD4A8B16CD}.Release|Any CPU.ActiveCfg = Release|Any CPU
		{31B8D1D5-9936-4FC2-A1D2-99DD4A8B16CD}.Release|Any CPU.Build.0 = Release|Any CPU
		{1D5F0D24-ADCF-4340-B932-12CC99CEC0F8}.Debug|Any CPU.ActiveCfg = Debug|Any CPU
		{1D5F0D24-ADCF-4340-B932-12CC99CEC0F8}.Debug|Any CPU.Build.0 = Debug|Any CPU
		{1D5F0D24-ADCF-4340-B932-12CC99CEC0F8}.Release|Any CPU.ActiveCfg = Release|Any CPU
		{1D5F0D24-ADCF-4340-B932-12CC99CEC0F8}.Release|Any CPU.Build.0 = Release|Any CPU
	EndGlobalSection
	GlobalSection(SolutionProperties) = preSolution
		HideSolutionNode = FALSE
	EndGlobalSection
	GlobalSection(ExtensibilityGlobals) = postSolution
		SolutionGuid = {AF2FC340-E516-4075-8CC5-DDC4732AB0A0}
	EndGlobalSection
EndGlobal
